// !$*UTF8*$!
{
	archiveVersion = 1;
	classes = {
	};
	objectVersion = 56;
	objects = {

/* Begin PBXBuildFile section */
		A1000000000000000000000E /* AudioGraph.swift in Sources */ = {isa = PBXBuildFile; fileRef = A10000000000000000000017 /* AudioGraph.swift */; };
		A1000000000000000000000D /* SignInSupport.swift in Sources */ = {isa = PBXBuildFile; fileRef = A10000000000000000000016 /* SignInSupport.swift */; };
		A1000000000000000000000A /* App.swift in Sources */ = {isa = PBXBuildFile; fileRef = A10000000000000000000010 /* App.swift */; };
		A1000000000000000000000B /* Probe.swift in Sources */ = {isa = PBXBuildFile; fileRef = A10000000000000000000011 /* Probe.swift */; };
		A1000000000000000000000C /* SignIn.swift in Sources */ = {isa = PBXBuildFile; fileRef = A10000000000000000000012 /* SignIn.swift */; };
/* End PBXBuildFile section */

/* Begin PBXFileReference section */
		A10000000000000000000017 /* AudioGraph.swift */ = {isa = PBXFileReference; lastKnownFileType = sourcecode.swift; path = AudioGraph.swift; sourceTree = "<group>"; };
		A10000000000000000000016 /* SignInSupport.swift */ = {isa = PBXFileReference; lastKnownFileType = sourcecode.swift; path = SignInSupport.swift; sourceTree = "<group>"; };
		A10000000000000000000010 /* App.swift */ = {isa = PBXFileReference; lastKnownFileType = sourcecode.swift; path = App.swift; sourceTree = "<group>"; };
		A10000000000000000000011 /* Probe.swift */ = {isa = PBXFileReference; lastKnownFileType = sourcecode.swift; path = Probe.swift; sourceTree = "<group>"; };
		A10000000000000000000012 /* SignIn.swift */ = {isa = PBXFileReference; lastKnownFileType = sourcecode.swift; path = SignIn.swift; sourceTree = "<group>"; };
		A10000000000000000000013 /* Info.plist */ = {isa = PBXFileReference; lastKnownFileType = text.plist.xml; path = Info.plist; sourceTree = "<group>"; };
		A10000000000000000000014 /* Bridging.h */ = {isa = PBXFileReference; lastKnownFileType = sourcecode.c.h; path = Bridging.h; sourceTree = "<group>"; };
		A10000000000000000000015 /* PlaybackProbe.app */ = {isa = PBXFileReference; explicitFileType = wrapper.application; includeInIndex = 0; path = PlaybackProbe.app; sourceTree = BUILT_PRODUCTS_DIR; };
/* End PBXFileReference section */

/* Begin PBXFrameworksBuildPhase section */
		A10000000000000000000031 /* Frameworks */ = {
			isa = PBXFrameworksBuildPhase;
			buildActionMask = 2147483647;
			files = (
			);
			runOnlyForDeploymentPostprocessing = 0;
		};
/* End PBXFrameworksBuildPhase section */

/* Begin PBXGroup section */
		A10000000000000000000002 = {
			isa = PBXGroup;
			children = (
				A10000000000000000000003 /* PlaybackProbe */,
				A10000000000000000000004 /* Products */,
			);
			sourceTree = "<group>";
		};
		A10000000000000000000003 /* PlaybackProbe */ = {
			isa = PBXGroup;
			children = (
				A10000000000000000000010 /* App.swift */,
				A10000000000000000000011 /* Probe.swift */,
				A10000000000000000000017 /* AudioGraph.swift */,
				A10000000000000000000012 /* SignIn.swift */,
				A10000000000000000000016 /* SignInSupport.swift */,
				A10000000000000000000013 /* Info.plist */,
				A10000000000000000000014 /* Bridging.h */,
			);
			path = PlaybackProbe;
			sourceTree = "<group>";
		};
		A10000000000000000000004 /* Products */ = {
			isa = PBXGroup;
			children = (
				A10000000000000000000015 /* PlaybackProbe.app */,
			);
			name = Products;
			sourceTree = "<group>";
		};
/* End PBXGroup section */

/* Begin PBXNativeTarget section */
		A10000000000000000000040 /* PlaybackProbe */ = {
			isa = PBXNativeTarget;
			buildConfigurationList = A10000000000000000000051 /* Build configuration list for PBXNativeTarget "PlaybackProbe" */;
			buildPhases = (
				A10000000000000000000030 /* Sources */,
				A10000000000000000000031 /* Frameworks */,
			);
			buildRules = (
			);
			dependencies = (
			);
			name = PlaybackProbe;
			productName = PlaybackProbe;
			productReference = A10000000000000000000015 /* PlaybackProbe.app */;
			productType = "com.apple.product-type.application";
		};
/* End PBXNativeTarget section */

/* Begin PBXProject section */
		A10000000000000000000001 /* Project object */ = {
			isa = PBXProject;
			attributes = {
				BuildIndependentTargetsInParallel = 1;
				LastSwiftUpdateCheck = 2700;
				LastUpgradeCheck = 2700;
			};
			buildConfigurationList = A10000000000000000000050 /* Build configuration list for PBXProject "PlaybackProbe" */;
			developmentRegion = en;
			hasScannedForEncodings = 0;
			knownRegions = (
				en,
				Base,
			);
			mainGroup = A10000000000000000000002;
			productRefGroup = A10000000000000000000004 /* Products */;
			projectDirPath = "";
			projectRoot = "";
			targets = (
				A10000000000000000000040 /* PlaybackProbe */,
			);
		};
/* End PBXProject section */

/* Begin PBXSourcesBuildPhase section */
		A10000000000000000000030 /* Sources */ = {
			isa = PBXSourcesBuildPhase;
			buildActionMask = 2147483647;
			files = (
				A1000000000000000000000A /* App.swift in Sources */,
				A1000000000000000000000B /* Probe.swift in Sources */,
				A1000000000000000000000E /* AudioGraph.swift in Sources */,
				A1000000000000000000000C /* SignIn.swift in Sources */,
				A1000000000000000000000D /* SignInSupport.swift in Sources */,
			);
			runOnlyForDeploymentPostprocessing = 0;
		};
/* End PBXSourcesBuildPhase section */

/* Begin XCBuildConfiguration section */
		A10000000000000000000060 /* Release */ = {
			isa = XCBuildConfiguration;
			buildSettings = {
				CLANG_ENABLE_MODULES = YES;
				IPHONEOS_DEPLOYMENT_TARGET = 26.0;
				SDKROOT = iphoneos;
				SWIFT_COMPILATION_MODE = wholemodule;
				SWIFT_OPTIMIZATION_LEVEL = "-O";
				VALIDATE_PRODUCT = YES;
			};
			name = Release;
		};
		A10000000000000000000061 /* Release */ = {
			isa = XCBuildConfiguration;
			buildSettings = {
				CODE_SIGN_STYLE = Automatic;
				CURRENT_PROJECT_VERSION = 3;
				DEVELOPMENT_TEAM = 78A5P57U23;
				GENERATE_INFOPLIST_FILE = NO;
				HEADER_SEARCH_PATHS = "$(PROJECT_DIR)/../engine/include";
				INFOPLIST_FILE = PlaybackProbe/Info.plist;
				LD_RUNPATH_SEARCH_PATHS = "$(inherited) @executable_path/Frameworks";
				OTHER_LDFLAGS = "$(PROJECT_DIR)/../../../target/ios-probe/aarch64-apple-ios/release/libspotiurge_playback_probe.a";
				PRODUCT_BUNDLE_IDENTIFIER = com.sergeserbinenko.spotiurge.playbackprobe;
				PRODUCT_NAME = PlaybackProbe;
				SUPPORTED_PLATFORMS = iphoneos;
				SUPPORTS_MACCATALYST = NO;
				SWIFT_OBJC_BRIDGING_HEADER = PlaybackProbe/Bridging.h;
				SWIFT_VERSION = 5.0;
				TARGETED_DEVICE_FAMILY = 1;
			};
			name = Release;
		};
/* End XCBuildConfiguration section */

/* Begin XCConfigurationList section */
		A10000000000000000000050 /* Build configuration list for PBXProject "PlaybackProbe" */ = {
			isa = XCConfigurationList;
			buildConfigurations = (
				A10000000000000000000060 /* Release */,
			);
			defaultConfigurationIsVisible = 0;
			defaultConfigurationName = Release;
		};
		A10000000000000000000051 /* Build configuration list for PBXNativeTarget "PlaybackProbe" */ = {
			isa = XCConfigurationList;
			buildConfigurations = (
				A10000000000000000000061 /* Release */,
			);
			defaultConfigurationIsVisible = 0;
			defaultConfigurationName = Release;
		};
/* End XCConfigurationList section */
	};
	rootObject = A10000000000000000000001 /* Project object */;
}
